
Microsoft Visual Studio Solution File, Format Version 12.00
# Visual Studio Version 17
VisualStudioVersion = 17.13.35919.96 d17.13
MinimumVisualStudioVersion = 10.0.40219.1
Project("{FAE04EC0-301F-11D3-BF4B-00C04F79EFBC}") = "EstateFin", "EstateFin\EstateFin.csproj", "{120F8CE3-FDBC-41A3-BE35-22F4891DAAE0}"
EndProject
Global
	GlobalSection(SolutionConfigurationPlatforms) = preSolution
		Debug|Any CPU = Debug|Any CPU
		Release|Any CPU = Release|Any CPU
	EndGlobalSection
	GlobalSection(ProjectConfigurationPlatforms) = postSolution
		{120F8CE3-FDBC-41A3-BE35-22F4891DAAE0}.Debug|Any CPU.ActiveCfg = Debug|Any CPU
		{120F8CE3-FDBC-41A3-BE35-22F4891DAAE0}.Debug|Any CPU.Build.0 = Debug|Any CPU
		{120F8CE3-FDBC-41A3-BE35-22F4891DAAE0}.Release|Any CPU.ActiveCfg = Release|Any CPU
		{120F8CE3-FDBC-41A3-BE35-22F4891DAAE0}.Release|Any CPU.Build.0 = Release|Any CPU
	EndGlobalSection
	GlobalSection(SolutionProperties) = preSolution
		HideSolutionNode = FALSE
	EndGlobalSection
	GlobalSection(ExtensibilityGlobals) = postSolution
		SolutionGuid = {91375964-4409-451F-B5B1-6785C836C267}
	EndGlobalSection
EndGlobal
